
Microsoft Visual Studio Solution File, Format Version 12.00
# Visual Studio Version 16
VisualStudioVersion = 16.0.30517.126
MinimumVisualStudioVersion = 10.0.40219.1
Project("{FAE04EC0-301F-11D3-BF4B-00C04F79EFBC}") = "FacePresetEditor", "FacePresetEditor\FacePresetEditor.csproj", "{86807DCC-41EC-4CD7-A378-A7B45CE94BEC}"
EndProject
Global
	GlobalSection(SolutionConfigurationPlatforms) = preSolution
		Debug|Any CPU = Debug|Any CPU
		Release|Any CPU = Release|Any CPU
	EndGlobalSection
	GlobalSection(ProjectConfigurationPlatforms) = postSolution
		{86807DCC-41EC-4CD7-A378-A7B45CE94BEC}.Debug|Any CPU.ActiveCfg = Debug|Any CPU
		{86807DCC-41EC-4CD7-A378-A7B45CE94BEC}.Debug|Any CPU.Build.0 = Debug|Any CPU
		{86807DCC-41EC-4CD7-A378-A7B45CE94BEC}.Release|Any CPU.ActiveCfg = Release|Any CPU
		{86807DCC-41EC-4CD7-A378-A7B45CE94BEC}.Release|Any CPU.Build.0 = Release|Any CPU
	EndGlobalSection
	GlobalSection(SolutionProperties) = preSolution
		HideSolutionNode = FALSE
	EndGlobalSection
	GlobalSection(ExtensibilityGlobals) = postSolution
		SolutionGuid = {D7EB6CFF-F4D3-4A84-A96A-DF1D4109D488}
	EndGlobalSection
EndGlobal
